
Microsoft Visual Studio Solution File, Format Version 12.00
# Visual Studio 15
VisualStudioVersion = 15.0.28307.757
MinimumVisualStudioVersion = 10.0.40219.1
Project("{FAE04EC0-301F-11D3-BF4B-00C04F79EFBC}") = "NSUSchedulerLibrary", "NSUSchedulerLibrary\NSUSchedulerLibrary.csproj", "{3DAAD29C-25E8-423D-82DB-E6C9C5E0189E}"
EndProject
Global
	GlobalSection(SolutionConfigurationPlatforms) = preSolution
		Debug|Any CPU = Debug|Any CPU
		Release|Any CPU = Release|Any CPU
	EndGlobalSection
	GlobalSection(ProjectConfigurationPlatforms) = postSolution
		{3DAAD29C-25E8-423D-82DB-E6C9C5E0189E}.Debug|Any CPU.ActiveCfg = Debug|Any CPU
		{3DAAD29C-25E8-423D-82DB-E6C9C5E0189E}.Debug|Any CPU.Build.0 = Debug|Any CPU
		{3DAAD29C-25E8-423D-82DB-E6C9C5E0189E}.Release|Any CPU.ActiveCfg = Release|Any CPU
		{3DAAD29C-25E8-423D-82DB-E6C9C5E0189E}.Release|Any CPU.Build.0 = Release|Any CPU
	EndGlobalSection
	GlobalSection(SolutionProperties) = preSolution
		HideSolutionNode = FALSE
	EndGlobalSection
	GlobalSection(ExtensibilityGlobals) = postSolution
		SolutionGuid = {7A8364A8-DD77-4071-B282-D264E9B9493E}
	EndGlobalSection
EndGlobal
